
Microsoft Visual Studio Solution File, Format Version 11.00
# Visual Studio 2010
Project("{FAE04EC0-301F-11D3-BF4B-00C04F79EFBC}") = "TstSvC", "TstSvC\TstSvC.csproj", "{C1782248-F5FE-4664-9CB1-3B609DD22359}"
EndProject
Project("{54435603-DBB4-11D2-8724-00A0C9A8B90C}") = "InstallSVC", "InstallSVC\InstallSVC.vdproj", "{2F1153E6-3228-413E-9AF5-713429B482A6}"
EndProject
Global
	GlobalSection(SolutionConfigurationPlatforms) = preSolution
		Debug|x86 = Debug|x86
		Release|x86 = Release|x86
	EndGlobalSection
	GlobalSection(ProjectConfigurationPlatforms) = postSolution
		{C1782248-F5FE-4664-9CB1-3B609DD22359}.Debug|x86.ActiveCfg = Debug|x86
		{C1782248-F5FE-4664-9CB1-3B609DD22359}.Debug|x86.Build.0 = Debug|x86
		{C1782248-F5FE-4664-9CB1-3B609DD22359}.Release|x86.ActiveCfg = Release|x86
		{C1782248-F5FE-4664-9CB1-3B609DD22359}.Release|x86.Build.0 = Release|x86
		{2F1153E6-3228-413E-9AF5-713429B482A6}.Debug|x86.ActiveCfg = Debug
		{2F1153E6-3228-413E-9AF5-713429B482A6}.Release|x86.ActiveCfg = Release
		{2F1153E6-3228-413E-9AF5-713429B482A6}.Release|x86.Build.0 = Release
	EndGlobalSection
	GlobalSection(SolutionProperties) = preSolution
		HideSolutionNode = FALSE
	EndGlobalSection
EndGlobal
